
Microsoft Visual Studio Solution File, Format Version 12.00
# Visual Studio Version 17
VisualStudioVersion = 17.5.33424.131
MinimumVisualStudioVersion = 10.0.40219.1
Project("{FAE04EC0-301F-11D3-BF4B-00C04F79EFBC}") = "LineComparison", "LineComparison\LineComparison.csproj", "{80946DDF-3F06-4CC3-BB0E-7A9A6D96D952}"
EndProject
Global
	GlobalSection(SolutionConfigurationPlatforms) = preSolution
		Debug|Any CPU = Debug|Any CPU
		Release|Any CPU = Release|Any CPU
	EndGlobalSection
	GlobalSection(ProjectConfigurationPlatforms) = postSolution
		{80946DDF-3F06-4CC3-BB0E-7A9A6D96D952}.Debug|Any CPU.ActiveCfg = Debug|Any CPU
		{80946DDF-3F06-4CC3-BB0E-7A9A6D96D952}.Debug|Any CPU.Build.0 = Debug|Any CPU
		{80946DDF-3F06-4CC3-BB0E-7A9A6D96D952}.Release|Any CPU.ActiveCfg = Release|Any CPU
		{80946DDF-3F06-4CC3-BB0E-7A9A6D96D952}.Release|Any CPU.Build.0 = Release|Any CPU
	EndGlobalSection
	GlobalSection(SolutionProperties) = preSolution
		HideSolutionNode = FALSE
	EndGlobalSection
	GlobalSection(ExtensibilityGlobals) = postSolution
		SolutionGuid = {158C2C97-054F-4B6F-84CA-BC87D55AC693}
	EndGlobalSection
EndGlobal
